
Microsoft Visual Studio Solution File, Format Version 12.00
# Visual Studio 15
VisualStudioVersion = 15.0.27703.2035
MinimumVisualStudioVersion = 10.0.40219.1
Project("{9A19103F-16F7-4668-BE54-9A1E7A4F7556}") = "Application", "src\Application\Application.csproj", "{7C646207-8054-4B00-B681-BDC21DAF81FF}"
EndProject
Project("{9A19103F-16F7-4668-BE54-9A1E7A4F7556}") = "Locations.API", "src\Locations.API\Locations.API.csproj", "{589419CD-85F0-4600-A5DE-DCFC2154D228}"
EndProject
Project("{9A19103F-16F7-4668-BE54-9A1E7A4F7556}") = "Places.API", "src\Places.API\Places.API.csproj", "{0C546F4E-0A5E-4159-865A-E2C23AB0C82D}"
EndProject
Project("{9A19103F-16F7-4668-BE54-9A1E7A4F7556}") = "Domain", "src\Domain\Domain.csproj", "{81CED7D5-EFDB-4734-8616-787C37AF7886}"
EndProject
Project("{9A19103F-16F7-4668-BE54-9A1E7A4F7556}") = "Infrastructure", "src\Infrastructure\Infrastructure.csproj", "{7CADC0F2-2C9E-4345-8605-0B1E21DD57FB}"
EndProject
Project("{2150E333-8FDC-42A3-9474-1A3956D46DE8}") = "Solution Items", "Solution Items", "{50976B97-14AE-44E5-B6B1-3C72BC667D63}"
	ProjectSection(SolutionItems) = preProject
		README.md = README.md
	EndProjectSection
EndProject
Project("{FAE04EC0-301F-11D3-BF4B-00C04F79EFBC}") = "License.API.Tests", "tests\License.API.Tests\License.API.Tests.csproj", "{1F8FE50D-A92A-4C17-B82D-563A6910C511}"
EndProject
Global
	GlobalSection(SolutionConfigurationPlatforms) = preSolution
		Debug|Any CPU = Debug|Any CPU
		Release|Any CPU = Release|Any CPU
	EndGlobalSection
	GlobalSection(ProjectConfigurationPlatforms) = postSolution
		{7C646207-8054-4B00-B681-BDC21DAF81FF}.Debug|Any CPU.ActiveCfg = Debug|Any CPU
		{7C646207-8054-4B00-B681-BDC21DAF81FF}.Debug|Any CPU.Build.0 = Debug|Any CPU
		{7C646207-8054-4B00-B681-BDC21DAF81FF}.Release|Any CPU.ActiveCfg = Release|Any CPU
		{7C646207-8054-4B00-B681-BDC21DAF81FF}.Release|Any CPU.Build.0 = Release|Any CPU
		{589419CD-85F0-4600-A5DE-DCFC2154D228}.Debug|Any CPU.ActiveCfg = Debug|Any CPU
		{589419CD-85F0-4600-A5DE-DCFC2154D228}.Debug|Any CPU.Build.0 = Debug|Any CPU
		{589419CD-85F0-4600-A5DE-DCFC2154D228}.Release|Any CPU.ActiveCfg = Release|Any CPU
		{589419CD-85F0-4600-A5DE-DCFC2154D228}.Release|Any CPU.Build.0 = Release|Any CPU
		{0C546F4E-0A5E-4159-865A-E2C23AB0C82D}.Debug|Any CPU.ActiveCfg = Debug|Any CPU
		{0C546F4E-0A5E-4159-865A-E2C23AB0C82D}.Debug|Any CPU.Build.0 = Debug|Any CPU
		{0C546F4E-0A5E-4159-865A-E2C23AB0C82D}.Release|Any CPU.ActiveCfg = Release|Any CPU
		{0C546F4E-0A5E-4159-865A-E2C23AB0C82D}.Release|Any CPU.Build.0 = Release|Any CPU
		{81CED7D5-EFDB-4734-8616-787C37AF7886}.Debug|Any CPU.ActiveCfg = Debug|Any CPU
		{81CED7D5-EFDB-4734-8616-787C37AF7886}.Debug|Any CPU.Build.0 = Debug|Any CPU
		{81CED7D5-EFDB-4734-8616-787C37AF7886}.Release|Any CPU.ActiveCfg = Release|Any CPU
		{81CED7D5-EFDB-4734-8616-787C37AF7886}.Release|Any CPU.Build.0 = Release|Any CPU
		{7CADC0F2-2C9E-4345-8605-0B1E21DD57FB}.Debug|Any CPU.ActiveCfg = Debug|Any CPU
		{7CADC0F2-2C9E-4345-8605-0B1E21DD57FB}.Debug|Any CPU.Build.0 = Debug|Any CPU
		{7CADC0F2-2C9E-4345-8605-0B1E21DD57FB}.Release|Any CPU.ActiveCfg = Release|Any CPU
		{7CADC0F2-2C9E-4345-8605-0B1E21DD57FB}.Release|Any CPU.Build.0 = Release|Any CPU
		{1F8FE50D-A92A-4C17-B82D-563A6910C511}.Debug|Any CPU.ActiveCfg = Debug|Any CPU
		{1F8FE50D-A92A-4C17-B82D-563A6910C511}.Debug|Any CPU.Build.0 = Debug|Any CPU
		{1F8FE50D-A92A-4C17-B82D-563A6910C511}.Release|Any CPU.ActiveCfg = Release|Any CPU
		{1F8FE50D-A92A-4C17-B82D-563A6910C511}.Release|Any CPU.Build.0 = Release|Any CPU
	EndGlobalSection
	GlobalSection(SolutionProperties) = preSolution
		HideSolutionNode = FALSE
	EndGlobalSection
	GlobalSection(ExtensibilityGlobals) = postSolution
		SolutionGuid = {614963D8-6AFB-4A1D-919A-CCBCB5DE48AE}
	EndGlobalSection
EndGlobal
